PODS:
  - Alamofire (5.8.1)
  - BadgeSwift (8.0.0)
  - CocoaLumberjack/Core (3.8.2)
  - CocoaLumberjack/Swift (3.8.2):
    - CocoaLumberjack/Core
  - CryptoSwift (1.8.1)
  - GDPerformanceView-Swift (2.1.1)
  - JDStatusBarNotification (2.1.2):
    - JDStatusBarNotification/ObjC (= 2.1.2)
    - JDStatusBarNotification/Swift (= 2.1.2)
  - JDStatusBarNotification/ObjC (2.1.2)
  - JDStatusBarNotification/Swift (2.1.2):
    - JDStatusBarNotification/ObjC
  - Kingfisher (7.10.0)
  - Moya/Core (15.0.0):
    - Alamofire (~> 5.0)
  - Moya/RxSwift (15.0.0):
    - Moya/Core
    - RxSwift (~> 6.0)
  - ProgressHUD (14.1.0)
  - RxCocoa (6.5.0):
    - RxRelay (= 6.5.0)
    - RxSwift (= 6.5.0)
  - RxGesture (4.0.4):
    - RxCocoa (~> 6.0)
    - RxSwift (~> 6.0)
  - RxRelay (6.5.0):
    - RxSwift (= 6.5.0)
  - RxSwift (6.5.0)
  - SnapKit (5.6.0)
  - Starscream (4.0.4)
  - SwiftEntryKit (2.0.0)
  - WCDB.swift (2.0.4):
    - WCDB.swift/no-arc (= 2.0.4)
    - WCDBOptimizedSQLCipher (~> 1.4.2)
  - WCDB.swift/no-arc (2.0.4):
    - WCDBOptimizedSQLCipher (~> 1.4.2)
  - WCDBOptimizedSQLCipher (1.4.2)
  - WebRTC-SDK (114.5735.08)
  - YbridOgg (0.8.0)
  - YbridOpus (0.8.0)
  - ZLPhotoBrowser (4.4.6):
    - ZLPhotoBrowser/Core (= 4.4.6)
  - ZLPhotoBrowser/Core (4.4.6)

DEPENDENCIES:
  - Alamofire (= 5.8.1)
  - BadgeSwift (= 8.0)
  - CocoaLumberjack/Swift (= 3.8.2)
  - CryptoSwift (~> 1.8.1)
  - GDPerformanceView-Swift (= 2.1.1)
  - JDStatusBarNotification
  - Kingfisher (= 7.10.0)
  - Moya/RxSwift (= 15.0)
  - ProgressHUD
  - RxCocoa (= 6.5.0)
  - RxGesture (= 4.0.4)
  - RxSwift (= 6.5.0)
  - SnapKit (= 5.6.0)
  - Starscream (= 4.0.4)
  - SwiftEntryKit
  - WCDB.swift (= 2.0.4)
  - WebRTC-SDK (= 114.5735.08)
  - YbridOgg (= 0.8.0)
  - YbridOpus (= 0.8.0)
  - ZLPhotoBrowser (= 4.4.6)

SPEC REPOS:
  https://mirrors.tuna.tsinghua.edu.cn/git/CocoaPods/Specs.git:
    - Alamofire
    - BadgeSwift
    - CocoaLumberjack
    - CryptoSwift
    - GDPerformanceView-Swift
    - JDStatusBarNotification
    - Kingfisher
    - Moya
    - ProgressHUD
    - RxCocoa
    - RxGesture
    - RxRelay
    - RxSwift
    - SnapKit
    - Starscream
    - SwiftEntryKit
    - WCDB.swift
    - WCDBOptimizedSQLCipher
    - WebRTC-SDK
    - YbridOgg
    - YbridOpus
    - ZLPhotoBrowser

SPEC CHECKSUMS:
  Alamofire: 3ca42e259043ee0dc5c0cdd76c4bc568b8e42af7
  BadgeSwift: a81547ffde1f462bb5fc02e3fa3fdcbc1b888354
  CocoaLumberjack: f8d89a516e7710fdb2e9b8f1560b16ec6040eef0
  CryptoSwift: b9c701d6f5011df23794dbf7f2e480a77835d83d
  GDPerformanceView-Swift: 22d964fe40b19e3d914dba2586237d064de8fd77
  JDStatusBarNotification: 36d0b50d9eca298f908017879e1027eb8c72a227
  Kingfisher: a18f05d3b6d37d8650ee4a3e61d57a28fc6207f6
  Moya: 138f0573e53411fb3dc17016add0b748dfbd78ee
  ProgressHUD: c4a55f108815c46a6bf082407d2f806840b7a869
  RxCocoa: 94f817b71c07517321eb4f9ad299112ca8af743b
  RxGesture: f3efb47ed2d26a8082f7b660d4a59970e275a7f8
  RxRelay: 1de1523e604c72b6c68feadedd1af3b1b4d0ecbd
  RxSwift: 5710a9e6b17f3c3d6e40d6e559b9fa1e813b2ef8
  SnapKit: e01d52ebb8ddbc333eefe2132acf85c8227d9c25
  Starscream: 5178aed56b316f13fa3bc55694e583d35dd414d9
  SwiftEntryKit: 61b5fa36f34a97dd8013e48a7345bc4c4720be9a
  WCDB.swift: 28dd96180d913abadb3ea9cf99bd6e942262379a
  WCDBOptimizedSQLCipher: ef2be79fed278289a309ad0d4d707c55bf166d6d
  WebRTC-SDK: c24d2a6c9f571f2ed42297cb8ffba9557093142b
  YbridOgg: 4af27a7224f0876a7000e1893df8ba986dd4a014
  YbridOpus: e9af373b9b38acff3702d9a3bd97cae3c232887c
  ZLPhotoBrowser: 8b3653a677a858e158fedf870f211b1219bb4c0f

PODFILE CHECKSUM: da6acd777704f54f55f1be566d8584151f332060

COCOAPODS: 1.14.2
