PODS:
  - Alamofire (5.8.1)
  - BadgeSwift (8.0.0)
  - CocoaLumberjack/Core (3.8.2)
  - CocoaLumberjack/Swift (3.8.2):
    - CocoaLumberjack/Core
  - GDPerformanceView-Swift (2.1.1)
  - Kingfisher (7.10.0)
  - Moya/Core (15.0.0):
    - Alamofire (~> 5.0)
  - Moya/RxSwift (15.0.0):
    - Moya/Core
    - RxSwift (~> 6.0)
  - RxCocoa (6.5.0):
    - RxRelay (= 6.5.0)
    - RxSwift (= 6.5.0)
  - RxGesture (4.0.4):
    - RxCocoa (~> 6.0)
    - RxSwift (~> 6.0)
  - RxRelay (6.5.0):
    - RxSwift (= 6.5.0)
  - RxSwift (6.5.0)
  - SnapKit (5.6.0)
  - Starscream (4.0.4)
  - WCDB.swift (2.0.1):
    - WCDB.swift/no-arc (= 2.0.1)
    - WCDBOptimizedSQLCipher (~> 1.4.0)
  - WCDB.swift/no-arc (2.0.1):
    - WCDBOptimizedSQLCipher (~> 1.4.0)
  - WCDBOptimizedSQLCipher (1.4.2)
  - WebRTC-SDK (114.5735.04)
  - YbridOgg (0.8.0)
  - YbridOpus (0.8.0)
  - ZLPhotoBrowser (4.4.6):
    - ZLPhotoBrowser/Core (= 4.4.6)
  - ZLPhotoBrowser/Core (4.4.6)

DEPENDENCIES:
  - Alamofire (= 5.8.1)
  - BadgeSwift (= 8.0)
  - CocoaLumberjack/Swift (= 3.8.2)
  - GDPerformanceView-Swift (= 2.1.1)
  - Kingfisher (= 7.10.0)
  - Moya/RxSwift (= 15.0)
  - RxCocoa (= 6.5.0)
  - RxGesture (= 4.0.4)
  - RxSwift (= 6.5.0)
  - SnapKit (= 5.6.0)
  - Starscream (= 4.0.4)
  - WCDB.swift (= 2.0.1)
  - WebRTC-SDK (= 114.5735.04)
  - YbridOgg (= 0.8.0)
  - YbridOpus (= 0.8.0)
  - ZLPhotoBrowser (= 4.4.6)

SPEC REPOS:
  https://mirrors.tuna.tsinghua.edu.cn/git/CocoaPods/Specs.git:
    - Alamofire
    - BadgeSwift
    - CocoaLumberjack
    - GDPerformanceView-Swift
    - Kingfisher
    - Moya
    - RxCocoa
    - RxGesture
    - RxRelay
    - RxSwift
    - SnapKit
    - Starscream
    - WCDB.swift
    - WCDBOptimizedSQLCipher
    - WebRTC-SDK
    - YbridOgg
    - YbridOpus
    - ZLPhotoBrowser

SPEC CHECKSUMS:
  Alamofire: 3ca42e259043ee0dc5c0cdd76c4bc568b8e42af7
  BadgeSwift: a81547ffde1f462bb5fc02e3fa3fdcbc1b888354
  CocoaLumberjack: f8d89a516e7710fdb2e9b8f1560b16ec6040eef0
  GDPerformanceView-Swift: 22d964fe40b19e3d914dba2586237d064de8fd77
  Kingfisher: a18f05d3b6d37d8650ee4a3e61d57a28fc6207f6
  Moya: 138f0573e53411fb3dc17016add0b748dfbd78ee
  RxCocoa: 94f817b71c07517321eb4f9ad299112ca8af743b
  RxGesture: f3efb47ed2d26a8082f7b660d4a59970e275a7f8
  RxRelay: 1de1523e604c72b6c68feadedd1af3b1b4d0ecbd
  RxSwift: 5710a9e6b17f3c3d6e40d6e559b9fa1e813b2ef8
  SnapKit: e01d52ebb8ddbc333eefe2132acf85c8227d9c25
  Starscream: 5178aed56b316f13fa3bc55694e583d35dd414d9
  WCDB.swift: 738cf27df8883c47ef732ea02c44e690da5bb66d
  WCDBOptimizedSQLCipher: ef2be79fed278289a309ad0d4d707c55bf166d6d
  WebRTC-SDK: 3a2279e1649c45e2988e574bce645d7ad44e0679
  YbridOgg: 4af27a7224f0876a7000e1893df8ba986dd4a014
  YbridOpus: e9af373b9b38acff3702d9a3bd97cae3c232887c
  ZLPhotoBrowser: 8b3653a677a858e158fedf870f211b1219bb4c0f

PODFILE CHECKSUM: 51eeef3ecd68e6fdd1587b4721d9880cd384d574

COCOAPODS: 1.14.2
